
Microsoft Visual Studio Solution File, Format Version 12.00
# Visual Studio Version 17
VisualStudioVersion = 17.4.33110.190
MinimumVisualStudioVersion = 10.0.40219.1
Project("{9A19103F-16F7-4668-BE54-9A1E7A4F7556}") = "PersonnelSystem", "PersonnelSystem\PersonnelSystem.csproj", "{077F8BCC-485A-436B-AEE9-159795AD2C15}"
EndProject
Project("{9A19103F-16F7-4668-BE54-9A1E7A4F7556}") = "PersonnelSystem.AppLayer", "PersonnelSystem.AppLayer\PersonnelSystem.AppLayer.csproj", "{15825795-A428-4814-987B-4E30794751C0}"
EndProject
Project("{9A19103F-16F7-4668-BE54-9A1E7A4F7556}") = "PersonnelSystem.DomainLayer", "PersonnelSystem.DomainLayer\PersonnelSystem.DomainLayer.csproj", "{7C35AF3C-6F01-499D-BFC1-3E83AFE3B537}"
EndProject
Project("{9A19103F-16F7-4668-BE54-9A1E7A4F7556}") = "PersonnelSystem.InfrastructureLayer", "PersonnelSystem.InfrastructureLayer\PersonnelSystem.InfrastructureLayer.csproj", "{8FB68CAD-DFC9-4DC3-BE30-125D9886EE25}"
EndProject
Project("{FAE04EC0-301F-11D3-BF4B-00C04F79EFBC}") = "PersonnelSystem.Tests", "PersonnelSystem.Tests\PersonnelSystem.Tests.csproj", "{69004002-C9E9-4CE8-B0B5-2939D2F0C10A}"
EndProject
Global
	GlobalSection(SolutionConfigurationPlatforms) = preSolution
		Debug|Any CPU = Debug|Any CPU
		Release|Any CPU = Release|Any CPU
	EndGlobalSection
	GlobalSection(ProjectConfigurationPlatforms) = postSolution
		{077F8BCC-485A-436B-AEE9-159795AD2C15}.Debug|Any CPU.ActiveCfg = Debug|Any CPU
		{077F8BCC-485A-436B-AEE9-159795AD2C15}.Debug|Any CPU.Build.0 = Debug|Any CPU
		{077F8BCC-485A-436B-AEE9-159795AD2C15}.Release|Any CPU.ActiveCfg = Release|Any CPU
		{077F8BCC-485A-436B-AEE9-159795AD2C15}.Release|Any CPU.Build.0 = Release|Any CPU
		{15825795-A428-4814-987B-4E30794751C0}.Debug|Any CPU.ActiveCfg = Debug|Any CPU
		{15825795-A428-4814-987B-4E30794751C0}.Debug|Any CPU.Build.0 = Debug|Any CPU
		{15825795-A428-4814-987B-4E30794751C0}.Release|Any CPU.ActiveCfg = Release|Any CPU
		{15825795-A428-4814-987B-4E30794751C0}.Release|Any CPU.Build.0 = Release|Any CPU
		{7C35AF3C-6F01-499D-BFC1-3E83AFE3B537}.Debug|Any CPU.ActiveCfg = Debug|Any CPU
		{7C35AF3C-6F01-499D-BFC1-3E83AFE3B537}.Debug|Any CPU.Build.0 = Debug|Any CPU
		{7C35AF3C-6F01-499D-BFC1-3E83AFE3B537}.Release|Any CPU.ActiveCfg = Release|Any CPU
		{7C35AF3C-6F01-499D-BFC1-3E83AFE3B537}.Release|Any CPU.Build.0 = Release|Any CPU
		{8FB68CAD-DFC9-4DC3-BE30-125D9886EE25}.Debug|Any CPU.ActiveCfg = Debug|Any CPU
		{8FB68CAD-DFC9-4DC3-BE30-125D9886EE25}.Debug|Any CPU.Build.0 = Debug|Any CPU
		{8FB68CAD-DFC9-4DC3-BE30-125D9886EE25}.Release|Any CPU.ActiveCfg = Release|Any CPU
		{8FB68CAD-DFC9-4DC3-BE30-125D9886EE25}.Release|Any CPU.Build.0 = Release|Any CPU
		{69004002-C9E9-4CE8-B0B5-2939D2F0C10A}.Debug|Any CPU.ActiveCfg = Debug|Any CPU
		{69004002-C9E9-4CE8-B0B5-2939D2F0C10A}.Debug|Any CPU.Build.0 = Debug|Any CPU
		{69004002-C9E9-4CE8-B0B5-2939D2F0C10A}.Release|Any CPU.ActiveCfg = Release|Any CPU
		{69004002-C9E9-4CE8-B0B5-2939D2F0C10A}.Release|Any CPU.Build.0 = Release|Any CPU
	EndGlobalSection
	GlobalSection(SolutionProperties) = preSolution
		HideSolutionNode = FALSE
	EndGlobalSection
	GlobalSection(ExtensibilityGlobals) = postSolution
		SolutionGuid = {3C836D90-A0C7-4F47-9D69-75CE6C33F4CF}
	EndGlobalSection
EndGlobal
